
Microsoft Visual Studio Solution File, Format Version 12.00
# Visual Studio Version 16
VisualStudioVersion = 16.0.31112.23
MinimumVisualStudioVersion = 10.0.40219.1
Project("{9A19103F-16F7-4668-BE54-9A1E7A4F7556}") = "JuliaUpgrade2.0", "JuliaUpgrade2.0.csproj", "{37A9FEBB-546D-46B0-99D8-18A08711F106}"
EndProject
Global
	GlobalSection(SolutionConfigurationPlatforms) = preSolution
		Debug|Any CPU = Debug|Any CPU
		Release|Any CPU = Release|Any CPU
	EndGlobalSection
	GlobalSection(ProjectConfigurationPlatforms) = postSolution
		{37A9FEBB-546D-46B0-99D8-18A08711F106}.Debug|Any CPU.ActiveCfg = Debug|x86
		{37A9FEBB-546D-46B0-99D8-18A08711F106}.Debug|Any CPU.Build.0 = Debug|x86
		{37A9FEBB-546D-46B0-99D8-18A08711F106}.Release|Any CPU.ActiveCfg = Release|Any CPU
		{37A9FEBB-546D-46B0-99D8-18A08711F106}.Release|Any CPU.Build.0 = Release|Any CPU
	EndGlobalSection
	GlobalSection(SolutionProperties) = preSolution
		HideSolutionNode = FALSE
	EndGlobalSection
	GlobalSection(ExtensibilityGlobals) = postSolution
		SolutionGuid = {CEE42A7C-0576-4404-A97F-ED90A251554E}
	EndGlobalSection
EndGlobal
